// !$*UTF8*$!
{
	archiveVersion = 1;
	classes = {
	};
	objectVersion = 50;
	objects = {

/* Begin PBXBuildFile section */
		2D0DE2BE2C6DAF913D9FC8BF /* libPods-NavFive.a in Frameworks */ = {isa = PBXBuildFile; fileRef = D20B3FBD6C270DCF8E4D8C4B /* libPods-NavFive.a */; };
		38A85B0BA8E98F5340DE3FB0 /* libPods-NavFive-NavFiveApp.a in Frameworks */ = {isa = PBXBuildFile; fileRef = D9500206E084A42D5146B87A /* libPods-NavFive-NavFiveApp.a */; };
		FA2F060E23055495005159A9 /* AppDelegate.swift in Sources */ = {isa = PBXBuildFile; fileRef = FA2F060D23055495005159A9 /* AppDelegate.swift */; };
		FA2F061523055497005159A9 /* Assets.xcassets in Resources */ = {isa = PBXBuildFile; fileRef = FA2F061423055497005159A9 /* Assets.xcassets */; };
		FA2F061823055497005159A9 /* LaunchScreen.storyboard in Resources */ = {isa = PBXBuildFile; fileRef = FA2F061623055497005159A9 /* LaunchScreen.storyboard */; };
		FA2F062B23055528005159A9 /* NavFive.framework in Frameworks */ = {isa = PBXBuildFile; fileRef = FA2F062423055528005159A9 /* NavFive.framework */; };
		FA2F062C23055528005159A9 /* NavFive.framework in Embed Frameworks */ = {isa = PBXBuildFile; fileRef = FA2F062423055528005159A9 /* NavFive.framework */; settings = {ATTRIBUTES = (CodeSignOnCopy, RemoveHeadersOnCopy, ); }; };
		FA2F0634230555D4005159A9 /* NaviUnit.swift in Sources */ = {isa = PBXBuildFile; fileRef = FA2F0633230555D4005159A9 /* NaviUnit.swift */; };
		FA2F063923055631005159A9 /* MainCoordinator.swift in Sources */ = {isa = PBXBuildFile; fileRef = FA2F063823055631005159A9 /* MainCoordinator.swift */; };
		FA2F063B23055781005159A9 /* MainViewController.swift in Sources */ = {isa = PBXBuildFile; fileRef = FA2F063A23055781005159A9 /* MainViewController.swift */; };
		FA3DA574230821F200C7CF48 /* AppCoordinator.swift in Sources */ = {isa = PBXBuildFile; fileRef = FA3DA573230821F200C7CF48 /* AppCoordinator.swift */; };
		FA833944230C518400344F3D /* SequentialCoordinator.swift in Sources */ = {isa = PBXBuildFile; fileRef = FA833943230C518400344F3D /* SequentialCoordinator.swift */; };
		FA833946230C51C000344F3D /* SequentialViewProtocol.swift in Sources */ = {isa = PBXBuildFile; fileRef = FA833945230C51C000344F3D /* SequentialViewProtocol.swift */; };
		FA833948230C548200344F3D /* SequetialCoordinatorProtocol.swift in Sources */ = {isa = PBXBuildFile; fileRef = FA833947230C548200344F3D /* SequetialCoordinatorProtocol.swift */; };
		FA83394B230C5DB100344F3D /* SequentialWindow.swift in Sources */ = {isa = PBXBuildFile; fileRef = FA83394A230C5DB100344F3D /* SequentialWindow.swift */; };
		FA83394D230C5DC400344F3D /* SequentialNavitroller.swift in Sources */ = {isa = PBXBuildFile; fileRef = FA83394C230C5DC400344F3D /* SequentialNavitroller.swift */; };
		FAA09287231D5296008B0BAB /* UIView+isShown.swift in Sources */ = {isa = PBXBuildFile; fileRef = FAA09286231D5296008B0BAB /* UIView+isShown.swift */; };
		FAA0928A231D5365008B0BAB /* GamesListInteractor.swift in Sources */ = {isa = PBXBuildFile; fileRef = FAA09289231D5365008B0BAB /* GamesListInteractor.swift */; };
		FAA0928D231D5374008B0BAB /* GameModel.swift in Sources */ = {isa = PBXBuildFile; fileRef = FAA0928C231D5374008B0BAB /* GameModel.swift */; };
		FAAB340623129A9A00E3B02E /* NavFive.podspec in Resources */ = {isa = PBXBuildFile; fileRef = FAAB340523129A9A00E3B02E /* NavFive.podspec */; };
		FAE6B7C623115E50009C7828 /* MainGamesTableView.swift in Sources */ = {isa = PBXBuildFile; fileRef = FAE6B7C523115E50009C7828 /* MainGamesTableView.swift */; };
		FAE6B7C923115FE0009C7828 /* MainViewController.xib in Resources */ = {isa = PBXBuildFile; fileRef = FAE6B7C823115FE0009C7828 /* MainViewController.xib */; };
		FAE6B7CC23116368009C7828 /* XibModularView.swift in Sources */ = {isa = PBXBuildFile; fileRef = FAE6B7CB23116368009C7828 /* XibModularView.swift */; };
		FAE6B7CE231163B0009C7828 /* MainGamesTableView.xib in Resources */ = {isa = PBXBuildFile; fileRef = FAE6B7CD231163B0009C7828 /* MainGamesTableView.xib */; };
		FAE6B7D0231164FE009C7828 /* LoadingView.swift in Sources */ = {isa = PBXBuildFile; fileRef = FAE6B7CF231164FE009C7828 /* LoadingView.swift */; };
		FAE6B7D22311655E009C7828 /* LoadingView.xib in Resources */ = {isa = PBXBuildFile; fileRef = FAE6B7D12311655E009C7828 /* LoadingView.xib */; };
		FAE6B7D4231167FC009C7828 /* MainGamesTableCell.swift in Sources */ = {isa = PBXBuildFile; fileRef = FAE6B7D3231167FC009C7828 /* MainGamesTableCell.swift */; };
		FAE6B7D623116822009C7828 /* MainGamesTableCell.xib in Resources */ = {isa = PBXBuildFile; fileRef = FAE6B7D523116822009C7828 /* MainGamesTableCell.xib */; };
		FAE6B7D923116A39009C7828 /* MainGamesTableViewModel.swift in Sources */ = {isa = PBXBuildFile; fileRef = FAE6B7D823116A39009C7828 /* MainGamesTableViewModel.swift */; };
		FAE6B7DB23116AD7009C7828 /* GameCellViewModel.swift in Sources */ = {isa = PBXBuildFile; fileRef = FAE6B7DA23116AD7009C7828 /* GameCellViewModel.swift */; };
		FAE6B7DD23116BB0009C7828 /* MainViewModel.swift in Sources */ = {isa = PBXBuildFile; fileRef = FAE6B7DC23116BB0009C7828 /* MainViewModel.swift */; };
		FAE6B7DF23116DE0009C7828 /* UITableView+dequeue.swift in Sources */ = {isa = PBXBuildFile; fileRef = FAE6B7DE23116DE0009C7828 /* UITableView+dequeue.swift */; };
/* End PBXBuildFile section */

/* Begin PBXContainerItemProxy section */
		FA2F062923055528005159A9 /* PBXContainerItemProxy */ = {
			isa = PBXContainerItemProxy;
			containerPortal = FA2F060223055495005159A9 /* Project object */;
			proxyType = 1;
			remoteGlobalIDString = FA2F062323055528005159A9;
			remoteInfo = NavFive;
		};
/* End PBXContainerItemProxy section */

/* Begin PBXCopyFilesBuildPhase section */
		FA2F063023055528005159A9 /* Embed Frameworks */ = {
			isa = PBXCopyFilesBuildPhase;
			buildActionMask = 2147483647;
			dstPath = "";
			dstSubfolderSpec = 10;
			files = (
				FA2F062C23055528005159A9 /* NavFive.framework in Embed Frameworks */,
			);
			name = "Embed Frameworks";
			runOnlyForDeploymentPostprocessing = 0;
		};
/* End PBXCopyFilesBuildPhase section */

/* Begin PBXFileReference section */
		1E5F8FFC347105EEB2E3BC88 /* Pods-NavFive-NavFiveApp.release.xcconfig */ = {isa = PBXFileReference; includeInIndex = 1; lastKnownFileType = text.xcconfig; name = "Pods-NavFive-NavFiveApp.release.xcconfig"; path = "Target Support Files/Pods-NavFive-NavFiveApp/Pods-NavFive-NavFiveApp.release.xcconfig"; sourceTree = "<group>"; };
		549B0E66C8F18BD2BA818FB6 /* Pods-NavFive.release.xcconfig */ = {isa = PBXFileReference; includeInIndex = 1; lastKnownFileType = text.xcconfig; name = "Pods-NavFive.release.xcconfig"; path = "Target Support Files/Pods-NavFive/Pods-NavFive.release.xcconfig"; sourceTree = "<group>"; };
		7ADC3748E0F6EA6A767CCA7D /* Pods-NavFive-NavFiveApp.debug.xcconfig */ = {isa = PBXFileReference; includeInIndex = 1; lastKnownFileType = text.xcconfig; name = "Pods-NavFive-NavFiveApp.debug.xcconfig"; path = "Target Support Files/Pods-NavFive-NavFiveApp/Pods-NavFive-NavFiveApp.debug.xcconfig"; sourceTree = "<group>"; };
		C064F6CA40F7215450609F69 /* Pods-NavFive.debug.xcconfig */ = {isa = PBXFileReference; includeInIndex = 1; lastKnownFileType = text.xcconfig; name = "Pods-NavFive.debug.xcconfig"; path = "Target Support Files/Pods-NavFive/Pods-NavFive.debug.xcconfig"; sourceTree = "<group>"; };
		D20B3FBD6C270DCF8E4D8C4B /* libPods-NavFive.a */ = {isa = PBXFileReference; explicitFileType = archive.ar; includeInIndex = 0; path = "libPods-NavFive.a"; sourceTree = BUILT_PRODUCTS_DIR; };
		D9500206E084A42D5146B87A /* libPods-NavFive-NavFiveApp.a */ = {isa = PBXFileReference; explicitFileType = archive.ar; includeInIndex = 0; path = "libPods-NavFive-NavFiveApp.a"; sourceTree = BUILT_PRODUCTS_DIR; };
		FA2F060A23055495005159A9 /* NavFiveApp.app */ = {isa = PBXFileReference; explicitFileType = wrapper.application; includeInIndex = 0; path = NavFiveApp.app; sourceTree = BUILT_PRODUCTS_DIR; };
		FA2F060D23055495005159A9 /* AppDelegate.swift */ = {isa = PBXFileReference; lastKnownFileType = sourcecode.swift; path = AppDelegate.swift; sourceTree = "<group>"; };
		FA2F061423055497005159A9 /* Assets.xcassets */ = {isa = PBXFileReference; lastKnownFileType = folder.assetcatalog; path = Assets.xcassets; sourceTree = "<group>"; };
		FA2F061723055497005159A9 /* Base */ = {isa = PBXFileReference; lastKnownFileType = file.storyboard; name = Base; path = Base.lproj/LaunchScreen.storyboard; sourceTree = "<group>"; };
		FA2F061923055497005159A9 /* Info.plist */ = {isa = PBXFileReference; lastKnownFileType = text.plist.xml; path = Info.plist; sourceTree = "<group>"; };
		FA2F062423055528005159A9 /* NavFive.framework */ = {isa = PBXFileReference; explicitFileType = wrapper.framework; includeInIndex = 0; path = NavFive.framework; sourceTree = BUILT_PRODUCTS_DIR; };
		FA2F062723055528005159A9 /* Info.plist */ = {isa = PBXFileReference; lastKnownFileType = text.plist.xml; path = Info.plist; sourceTree = "<group>"; };
		FA2F0633230555D4005159A9 /* NaviUnit.swift */ = {isa = PBXFileReference; lastKnownFileType = sourcecode.swift; path = NaviUnit.swift; sourceTree = "<group>"; };
		FA2F063823055631005159A9 /* MainCoordinator.swift */ = {isa = PBXFileReference; lastKnownFileType = sourcecode.swift; path = MainCoordinator.swift; sourceTree = "<group>"; };
		FA2F063A23055781005159A9 /* MainViewController.swift */ = {isa = PBXFileReference; lastKnownFileType = sourcecode.swift; path = MainViewController.swift; sourceTree = "<group>"; };
		FA2F063D23055A09005159A9 /* RxSwift.framework */ = {isa = PBXFileReference; lastKnownFileType = wrapper.framework; name = RxSwift.framework; path = Carthage/Build/iOS/RxSwift.framework; sourceTree = "<group>"; };
		FA2F063E23055A09005159A9 /* RxCocoa.framework */ = {isa = PBXFileReference; lastKnownFileType = wrapper.framework; name = RxCocoa.framework; path = Carthage/Build/iOS/RxCocoa.framework; sourceTree = "<group>"; };
		FA3DA573230821F200C7CF48 /* AppCoordinator.swift */ = {isa = PBXFileReference; lastKnownFileType = sourcecode.swift; path = AppCoordinator.swift; sourceTree = "<group>"; };
		FA61357D2306C1BA00C543A6 /* RxRelay.framework */ = {isa = PBXFileReference; lastKnownFileType = wrapper.framework; name = RxRelay.framework; path = Carthage/Build/iOS/RxRelay.framework; sourceTree = "<group>"; };
		FA833943230C518400344F3D /* SequentialCoordinator.swift */ = {isa = PBXFileReference; lastKnownFileType = sourcecode.swift; path = SequentialCoordinator.swift; sourceTree = "<group>"; };
		FA833945230C51C000344F3D /* SequentialViewProtocol.swift */ = {isa = PBXFileReference; lastKnownFileType = sourcecode.swift; path = SequentialViewProtocol.swift; sourceTree = "<group>"; };
		FA833947230C548200344F3D /* SequetialCoordinatorProtocol.swift */ = {isa = PBXFileReference; lastKnownFileType = sourcecode.swift; path = SequetialCoordinatorProtocol.swift; sourceTree = "<group>"; };
		FA83394A230C5DB100344F3D /* SequentialWindow.swift */ = {isa = PBXFileReference; lastKnownFileType = sourcecode.swift; path = SequentialWindow.swift; sourceTree = "<group>"; };
		FA83394C230C5DC400344F3D /* SequentialNavitroller.swift */ = {isa = PBXFileReference; lastKnownFileType = sourcecode.swift; path = SequentialNavitroller.swift; sourceTree = "<group>"; };
		FAA09286231D5296008B0BAB /* UIView+isShown.swift */ = {isa = PBXFileReference; lastKnownFileType = sourcecode.swift; path = "UIView+isShown.swift"; sourceTree = "<group>"; };
		FAA09289231D5365008B0BAB /* GamesListInteractor.swift */ = {isa = PBXFileReference; lastKnownFileType = sourcecode.swift; path = GamesListInteractor.swift; sourceTree = "<group>"; };
		FAA0928C231D5374008B0BAB /* GameModel.swift */ = {isa = PBXFileReference; lastKnownFileType = sourcecode.swift; path = GameModel.swift; sourceTree = "<group>"; };
		FAAB340523129A9A00E3B02E /* NavFive.podspec */ = {isa = PBXFileReference; fileEncoding = 4; lastKnownFileType = text; path = NavFive.podspec; sourceTree = "<group>"; };
		FAE6B7C523115E50009C7828 /* MainGamesTableView.swift */ = {isa = PBXFileReference; lastKnownFileType = sourcecode.swift; path = MainGamesTableView.swift; sourceTree = "<group>"; };
		FAE6B7C823115FE0009C7828 /* MainViewController.xib */ = {isa = PBXFileReference; lastKnownFileType = file.xib; path = MainViewController.xib; sourceTree = "<group>"; };
		FAE6B7CB23116368009C7828 /* XibModularView.swift */ = {isa = PBXFileReference; lastKnownFileType = sourcecode.swift; path = XibModularView.swift; sourceTree = "<group>"; };
		FAE6B7CD231163B0009C7828 /* MainGamesTableView.xib */ = {isa = PBXFileReference; lastKnownFileType = file.xib; path = MainGamesTableView.xib; sourceTree = "<group>"; };
		FAE6B7CF231164FE009C7828 /* LoadingView.swift */ = {isa = PBXFileReference; lastKnownFileType = sourcecode.swift; path = LoadingView.swift; sourceTree = "<group>"; };
		FAE6B7D12311655E009C7828 /* LoadingView.xib */ = {isa = PBXFileReference; lastKnownFileType = file.xib; path = LoadingView.xib; sourceTree = "<group>"; };
		FAE6B7D3231167FC009C7828 /* MainGamesTableCell.swift */ = {isa = PBXFileReference; lastKnownFileType = sourcecode.swift; path = MainGamesTableCell.swift; sourceTree = "<group>"; };
		FAE6B7D523116822009C7828 /* MainGamesTableCell.xib */ = {isa = PBXFileReference; lastKnownFileType = file.xib; path = MainGamesTableCell.xib; sourceTree = "<group>"; };
		FAE6B7D823116A39009C7828 /* MainGamesTableViewModel.swift */ = {isa = PBXFileReference; lastKnownFileType = sourcecode.swift; path = MainGamesTableViewModel.swift; sourceTree = "<group>"; };
		FAE6B7DA23116AD7009C7828 /* GameCellViewModel.swift */ = {isa = PBXFileReference; lastKnownFileType = sourcecode.swift; path = GameCellViewModel.swift; sourceTree = "<group>"; };
		FAE6B7DC23116BB0009C7828 /* MainViewModel.swift */ = {isa = PBXFileReference; lastKnownFileType = sourcecode.swift; path = MainViewModel.swift; sourceTree = "<group>"; };
		FAE6B7DE23116DE0009C7828 /* UITableView+dequeue.swift */ = {isa = PBXFileReference; lastKnownFileType = sourcecode.swift; path = "UITableView+dequeue.swift"; sourceTree = "<group>"; };
/* End PBXFileReference section */

/* Begin PBXFrameworksBuildPhase section */
		FA2F060723055495005159A9 /* Frameworks */ = {
			isa = PBXFrameworksBuildPhase;
			buildActionMask = 2147483647;
			files = (
				FA2F062B23055528005159A9 /* NavFive.framework in Frameworks */,
				38A85B0BA8E98F5340DE3FB0 /* libPods-NavFive-NavFiveApp.a in Frameworks */,
			);
			runOnlyForDeploymentPostprocessing = 0;
		};
		FA2F062123055528005159A9 /* Frameworks */ = {
			isa = PBXFrameworksBuildPhase;
			buildActionMask = 2147483647;
			files = (
				2D0DE2BE2C6DAF913D9FC8BF /* libPods-NavFive.a in Frameworks */,
			);
			runOnlyForDeploymentPostprocessing = 0;
		};
/* End PBXFrameworksBuildPhase section */

/* Begin PBXGroup section */
		BF5339CC2F30EB530C1F875C /* Pods */ = {
			isa = PBXGroup;
			children = (
				C064F6CA40F7215450609F69 /* Pods-NavFive.debug.xcconfig */,
				549B0E66C8F18BD2BA818FB6 /* Pods-NavFive.release.xcconfig */,
				7ADC3748E0F6EA6A767CCA7D /* Pods-NavFive-NavFiveApp.debug.xcconfig */,
				1E5F8FFC347105EEB2E3BC88 /* Pods-NavFive-NavFiveApp.release.xcconfig */,
			);
			path = Pods;
			sourceTree = "<group>";
		};
		FA2F060123055495005159A9 = {
			isa = PBXGroup;
			children = (
				FAAB340523129A9A00E3B02E /* NavFive.podspec */,
				FA2F060C23055495005159A9 /* NavFiveApp */,
				FA2F062523055528005159A9 /* NavFive */,
				FA2F060B23055495005159A9 /* Products */,
				FA2F063C23055A09005159A9 /* Frameworks */,
				BF5339CC2F30EB530C1F875C /* Pods */,
			);
			sourceTree = "<group>";
		};
		FA2F060B23055495005159A9 /* Products */ = {
			isa = PBXGroup;
			children = (
				FA2F060A23055495005159A9 /* NavFiveApp.app */,
				FA2F062423055528005159A9 /* NavFive.framework */,
			);
			name = Products;
			sourceTree = "<group>";
		};
		FA2F060C23055495005159A9 /* NavFiveApp */ = {
			isa = PBXGroup;
			children = (
				FAE6B7CA23116328009C7828 /* Ext */,
				FA2F06362305561C005159A9 /* System */,
				FA2F063523055614005159A9 /* Workflows */,
			);
			path = NavFiveApp;
			sourceTree = "<group>";
		};
		FA2F062523055528005159A9 /* NavFive */ = {
			isa = PBXGroup;
			children = (
				FA833949230C5DA100344F3D /* View */,
				FA833947230C548200344F3D /* SequetialCoordinatorProtocol.swift */,
				FA833943230C518400344F3D /* SequentialCoordinator.swift */,
				FA2F0633230555D4005159A9 /* NaviUnit.swift */,
				FA2F062723055528005159A9 /* Info.plist */,
			);
			path = NavFive;
			sourceTree = "<group>";
		};
		FA2F063523055614005159A9 /* Workflows */ = {
			isa = PBXGroup;
			children = (
				FA3DA572230821E400C7CF48 /* App */,
				FA2F063723055627005159A9 /* Main */,
			);
			path = Workflows;
			sourceTree = "<group>";
		};
		FA2F06362305561C005159A9 /* System */ = {
			isa = PBXGroup;
			children = (
				FA2F061423055497005159A9 /* Assets.xcassets */,
				FA2F060D23055495005159A9 /* AppDelegate.swift */,
				FA2F061623055497005159A9 /* LaunchScreen.storyboard */,
				FA2F061923055497005159A9 /* Info.plist */,
			);
			path = System;
			sourceTree = "<group>";
		};
		FA2F063723055627005159A9 /* Main */ = {
			isa = PBXGroup;
			children = (
				FAA0928B231D536C008B0BAB /* Model */,
				FAA09288231D534E008B0BAB /* Interactor */,
				FAE6B7D7231169DA009C7828 /* ViewModel */,
				FAE6B7C723115FD7009C7828 /* ViewController */,
				FAE6B7C423115E1F009C7828 /* View */,
				FA2F063823055631005159A9 /* MainCoordinator.swift */,
			);
			path = Main;
			sourceTree = "<group>";
		};
		FA2F063C23055A09005159A9 /* Frameworks */ = {
			isa = PBXGroup;
			children = (
				FA61357D2306C1BA00C543A6 /* RxRelay.framework */,
				FA2F063E23055A09005159A9 /* RxCocoa.framework */,
				FA2F063D23055A09005159A9 /* RxSwift.framework */,
				D20B3FBD6C270DCF8E4D8C4B /* libPods-NavFive.a */,
				D9500206E084A42D5146B87A /* libPods-NavFive-NavFiveApp.a */,
			);
			name = Frameworks;
			sourceTree = "<group>";
		};
		FA3DA572230821E400C7CF48 /* App */ = {
			isa = PBXGroup;
			children = (
				FA3DA573230821F200C7CF48 /* AppCoordinator.swift */,
			);
			path = App;
			sourceTree = "<group>";
		};
		FA833949230C5DA100344F3D /* View */ = {
			isa = PBXGroup;
			children = (
				FA833945230C51C000344F3D /* SequentialViewProtocol.swift */,
				FA83394A230C5DB100344F3D /* SequentialWindow.swift */,
				FA83394C230C5DC400344F3D /* SequentialNavitroller.swift */,
			);
			path = View;
			sourceTree = "<group>";
		};
		FAA09288231D534E008B0BAB /* Interactor */ = {
			isa = PBXGroup;
			children = (
				FAA09289231D5365008B0BAB /* GamesListInteractor.swift */,
			);
			path = Interactor;
			sourceTree = "<group>";
		};
		FAA0928B231D536C008B0BAB /* Model */ = {
			isa = PBXGroup;
			children = (
				FAA0928C231D5374008B0BAB /* GameModel.swift */,
			);
			path = Model;
			sourceTree = "<group>";
		};
		FAE6B7C423115E1F009C7828 /* View */ = {
			isa = PBXGroup;
			children = (
				FAE6B7C523115E50009C7828 /* MainGamesTableView.swift */,
				FAE6B7CD231163B0009C7828 /* MainGamesTableView.xib */,
				FAE6B7CF231164FE009C7828 /* LoadingView.swift */,
				FAE6B7D12311655E009C7828 /* LoadingView.xib */,
				FAE6B7D3231167FC009C7828 /* MainGamesTableCell.swift */,
				FAE6B7D523116822009C7828 /* MainGamesTableCell.xib */,
			);
			path = View;
			sourceTree = "<group>";
		};
		FAE6B7C723115FD7009C7828 /* ViewController */ = {
			isa = PBXGroup;
			children = (
				FA2F063A23055781005159A9 /* MainViewController.swift */,
				FAE6B7C823115FE0009C7828 /* MainViewController.xib */,
			);
			path = ViewController;
			sourceTree = "<group>";
		};
		FAE6B7CA23116328009C7828 /* Ext */ = {
			isa = PBXGroup;
			children = (
				FAE6B7CB23116368009C7828 /* XibModularView.swift */,
				FAE6B7DE23116DE0009C7828 /* UITableView+dequeue.swift */,
				FAA09286231D5296008B0BAB /* UIView+isShown.swift */,
			);
			path = Ext;
			sourceTree = "<group>";
		};
		FAE6B7D7231169DA009C7828 /* ViewModel */ = {
			isa = PBXGroup;
			children = (
				FAE6B7DC23116BB0009C7828 /* MainViewModel.swift */,
				FAE6B7D823116A39009C7828 /* MainGamesTableViewModel.swift */,
				FAE6B7DA23116AD7009C7828 /* GameCellViewModel.swift */,
			);
			path = ViewModel;
			sourceTree = "<group>";
		};
/* End PBXGroup section */

/* Begin PBXHeadersBuildPhase section */
		FA2F061F23055528005159A9 /* Headers */ = {
			isa = PBXHeadersBuildPhase;
			buildActionMask = 2147483647;
			files = (
			);
			runOnlyForDeploymentPostprocessing = 0;
		};
/* End PBXHeadersBuildPhase section */

/* Begin PBXNativeTarget section */
		FA2F060923055495005159A9 /* NavFiveApp */ = {
			isa = PBXNativeTarget;
			buildConfigurationList = FA2F061C23055497005159A9 /* Build configuration list for PBXNativeTarget "NavFiveApp" */;
			buildPhases = (
				6D39429B7C9F470C74105FC3 /* [CP] Check Pods Manifest.lock */,
				FA2F060623055495005159A9 /* Sources */,
				FA2F060723055495005159A9 /* Frameworks */,
				FA2F060823055495005159A9 /* Resources */,
				FA2F063023055528005159A9 /* Embed Frameworks */,
			);
			buildRules = (
			);
			dependencies = (
				FA2F062A23055528005159A9 /* PBXTargetDependency */,
			);
			name = NavFiveApp;
			productName = NavFiveApp;
			productReference = FA2F060A23055495005159A9 /* NavFiveApp.app */;
			productType = "com.apple.product-type.application";
		};
		FA2F062323055528005159A9 /* NavFive */ = {
			isa = PBXNativeTarget;
			buildConfigurationList = FA2F062D23055528005159A9 /* Build configuration list for PBXNativeTarget "NavFive" */;
			buildPhases = (
				0735CC20E6D973A952CA89E2 /* [CP] Check Pods Manifest.lock */,
				FA2F061F23055528005159A9 /* Headers */,
				FA2F062023055528005159A9 /* Sources */,
				FA2F062123055528005159A9 /* Frameworks */,
				FA2F062223055528005159A9 /* Resources */,
			);
			buildRules = (
			);
			dependencies = (
			);
			name = NavFive;
			productName = NavFive;
			productReference = FA2F062423055528005159A9 /* NavFive.framework */;
			productType = "com.apple.product-type.framework";
		};
/* End PBXNativeTarget section */

/* Begin PBXProject section */
		FA2F060223055495005159A9 /* Project object */ = {
			isa = PBXProject;
			attributes = {
				LastSwiftUpdateCheck = 1020;
				LastUpgradeCheck = 1020;
				ORGANIZATIONNAME = "Isaac Weisberg";
				TargetAttributes = {
					FA2F060923055495005159A9 = {
						CreatedOnToolsVersion = 10.2.1;
					};
					FA2F062323055528005159A9 = {
						CreatedOnToolsVersion = 10.2.1;
						LastSwiftMigration = 1020;
					};
				};
			};
			buildConfigurationList = FA2F060523055495005159A9 /* Build configuration list for PBXProject "NavFiveApp" */;
			compatibilityVersion = "Xcode 9.3";
			developmentRegion = en;
			hasScannedForEncodings = 0;
			knownRegions = (
				en,
				Base,
			);
			mainGroup = FA2F060123055495005159A9;
			productRefGroup = FA2F060B23055495005159A9 /* Products */;
			projectDirPath = "";
			projectRoot = "";
			targets = (
				FA2F060923055495005159A9 /* NavFiveApp */,
				FA2F062323055528005159A9 /* NavFive */,
			);
		};
/* End PBXProject section */

/* Begin PBXResourcesBuildPhase section */
		FA2F060823055495005159A9 /* Resources */ = {
			isa = PBXResourcesBuildPhase;
			buildActionMask = 2147483647;
			files = (
				FAE6B7CE231163B0009C7828 /* MainGamesTableView.xib in Resources */,
				FA2F061823055497005159A9 /* LaunchScreen.storyboard in Resources */,
				FAAB340623129A9A00E3B02E /* NavFive.podspec in Resources */,
				FAE6B7C923115FE0009C7828 /* MainViewController.xib in Resources */,
				FAE6B7D623116822009C7828 /* MainGamesTableCell.xib in Resources */,
				FA2F061523055497005159A9 /* Assets.xcassets in Resources */,
				FAE6B7D22311655E009C7828 /* LoadingView.xib in Resources */,
			);
			runOnlyForDeploymentPostprocessing = 0;
		};
		FA2F062223055528005159A9 /* Resources */ = {
			isa = PBXResourcesBuildPhase;
			buildActionMask = 2147483647;
			files = (
			);
			runOnlyForDeploymentPostprocessing = 0;
		};
/* End PBXResourcesBuildPhase section */

/* Begin PBXShellScriptBuildPhase section */
		0735CC20E6D973A952CA89E2 /* [CP] Check Pods Manifest.lock */ = {
			isa = PBXShellScriptBuildPhase;
			buildActionMask = 2147483647;
			files = (
			);
			inputFileListPaths = (
			);
			inputPaths = (
				"${PODS_PODFILE_DIR_PATH}/Podfile.lock",
				"${PODS_ROOT}/Manifest.lock",
			);
			name = "[CP] Check Pods Manifest.lock";
			outputFileListPaths = (
			);
			outputPaths = (
				"$(DERIVED_FILE_DIR)/Pods-NavFive-checkManifestLockResult.txt",
			);
			runOnlyForDeploymentPostprocessing = 0;
			shellPath = /bin/sh;
			shellScript = "diff \"${PODS_PODFILE_DIR_PATH}/Podfile.lock\" \"${PODS_ROOT}/Manifest.lock\" > /dev/null\nif [ $? != 0 ] ; then\n    # print error to STDERR\n    echo \"error: The sandbox is not in sync with the Podfile.lock. Run 'pod install' or update your CocoaPods installation.\" >&2\n    exit 1\nfi\n# This output is used by Xcode 'outputs' to avoid re-running this script phase.\necho \"SUCCESS\" > \"${SCRIPT_OUTPUT_FILE_0}\"\n";
			showEnvVarsInLog = 0;
		};
		6D39429B7C9F470C74105FC3 /* [CP] Check Pods Manifest.lock */ = {
			isa = PBXShellScriptBuildPhase;
			buildActionMask = 2147483647;
			files = (
			);
			inputFileListPaths = (
			);
			inputPaths = (
				"${PODS_PODFILE_DIR_PATH}/Podfile.lock",
				"${PODS_ROOT}/Manifest.lock",
			);
			name = "[CP] Check Pods Manifest.lock";
			outputFileListPaths = (
			);
			outputPaths = (
				"$(DERIVED_FILE_DIR)/Pods-NavFive-NavFiveApp-checkManifestLockResult.txt",
			);
			runOnlyForDeploymentPostprocessing = 0;
			shellPath = /bin/sh;
			shellScript = "diff \"${PODS_PODFILE_DIR_PATH}/Podfile.lock\" \"${PODS_ROOT}/Manifest.lock\" > /dev/null\nif [ $? != 0 ] ; then\n    # print error to STDERR\n    echo \"error: The sandbox is not in sync with the Podfile.lock. Run 'pod install' or update your CocoaPods installation.\" >&2\n    exit 1\nfi\n# This output is used by Xcode 'outputs' to avoid re-running this script phase.\necho \"SUCCESS\" > \"${SCRIPT_OUTPUT_FILE_0}\"\n";
			showEnvVarsInLog = 0;
		};
/* End PBXShellScriptBuildPhase section */

/* Begin PBXSourcesBuildPhase section */
		FA2F060623055495005159A9 /* Sources */ = {
			isa = PBXSourcesBuildPhase;
			buildActionMask = 2147483647;
			files = (
				FAA0928A231D5365008B0BAB /* GamesListInteractor.swift in Sources */,
				FA3DA574230821F200C7CF48 /* AppCoordinator.swift in Sources */,
				FA2F063B23055781005159A9 /* MainViewController.swift in Sources */,
				FAE6B7C623115E50009C7828 /* MainGamesTableView.swift in Sources */,
				FA2F060E23055495005159A9 /* AppDelegate.swift in Sources */,
				FAA0928D231D5374008B0BAB /* GameModel.swift in Sources */,
				FA2F063923055631005159A9 /* MainCoordinator.swift in Sources */,
				FAE6B7D4231167FC009C7828 /* MainGamesTableCell.swift in Sources */,
				FAE6B7DF23116DE0009C7828 /* UITableView+dequeue.swift in Sources */,
				FAE6B7DB23116AD7009C7828 /* GameCellViewModel.swift in Sources */,
				FAA09287231D5296008B0BAB /* UIView+isShown.swift in Sources */,
				FAE6B7D0231164FE009C7828 /* LoadingView.swift in Sources */,
				FAE6B7D923116A39009C7828 /* MainGamesTableViewModel.swift in Sources */,
				FAE6B7CC23116368009C7828 /* XibModularView.swift in Sources */,
				FAE6B7DD23116BB0009C7828 /* MainViewModel.swift in Sources */,
			);
			runOnlyForDeploymentPostprocessing = 0;
		};
		FA2F062023055528005159A9 /* Sources */ = {
			isa = PBXSourcesBuildPhase;
			buildActionMask = 2147483647;
			files = (
				FA833948230C548200344F3D /* SequetialCoordinatorProtocol.swift in Sources */,
				FA83394D230C5DC400344F3D /* SequentialNavitroller.swift in Sources */,
				FA2F0634230555D4005159A9 /* NaviUnit.swift in Sources */,
				FA833944230C518400344F3D /* SequentialCoordinator.swift in Sources */,
				FA833946230C51C000344F3D /* SequentialViewProtocol.swift in Sources */,
				FA83394B230C5DB100344F3D /* SequentialWindow.swift in Sources */,
			);
			runOnlyForDeploymentPostprocessing = 0;
		};
/* End PBXSourcesBuildPhase section */

/* Begin PBXTargetDependency section */
		FA2F062A23055528005159A9 /* PBXTargetDependency */ = {
			isa = PBXTargetDependency;
			target = FA2F062323055528005159A9 /* NavFive */;
			targetProxy = FA2F062923055528005159A9 /* PBXContainerItemProxy */;
		};
/* End PBXTargetDependency section */

/* Begin PBXVariantGroup section */
		FA2F061623055497005159A9 /* LaunchScreen.storyboard */ = {
			isa = PBXVariantGroup;
			children = (
				FA2F061723055497005159A9 /* Base */,
			);
			name = LaunchScreen.storyboard;
			sourceTree = "<group>";
		};
/* End PBXVariantGroup section */

/* Begin XCBuildConfiguration section */
		FA2F061A23055497005159A9 /* Debug */ = {
			isa = XCBuildConfiguration;
			buildSettings = {
				ALWAYS_SEARCH_USER_PATHS = NO;
				CLANG_ANALYZER_NONNULL = YES;
				CLANG_ANALYZER_NUMBER_OBJECT_CONVERSION = YES_AGGRESSIVE;
				CLANG_CXX_LANGUAGE_STANDARD = "gnu++14";
				CLANG_CXX_LIBRARY = "libc++";
				CLANG_ENABLE_MODULES = YES;
				CLANG_ENABLE_OBJC_ARC = YES;
				CLANG_ENABLE_OBJC_WEAK = YES;
				CLANG_WARN_BLOCK_CAPTURE_AUTORELEASING = YES;
				CLANG_WARN_BOOL_CONVERSION = YES;
				CLANG_WARN_COMMA = YES;
				CLANG_WARN_CONSTANT_CONVERSION = YES;
				CLANG_WARN_DEPRECATED_OBJC_IMPLEMENTATIONS = YES;
				CLANG_WARN_DIRECT_OBJC_ISA_USAGE = YES_ERROR;
				CLANG_WARN_DOCUMENTATION_COMMENTS = YES;
				CLANG_WARN_EMPTY_BODY = YES;
				CLANG_WARN_ENUM_CONVERSION = YES;
				CLANG_WARN_INFINITE_RECURSION = YES;
				CLANG_WARN_INT_CONVERSION = YES;
				CLANG_WARN_NON_LITERAL_NULL_CONVERSION = YES;
				CLANG_WARN_OBJC_IMPLICIT_RETAIN_SELF = YES;
				CLANG_WARN_OBJC_LITERAL_CONVERSION = YES;
				CLANG_WARN_OBJC_ROOT_CLASS = YES_ERROR;
				CLANG_WARN_RANGE_LOOP_ANALYSIS = YES;
				CLANG_WARN_STRICT_PROTOTYPES = YES;
				CLANG_WARN_SUSPICIOUS_MOVE = YES;
				CLANG_WARN_UNGUARDED_AVAILABILITY = YES_AGGRESSIVE;
				CLANG_WARN_UNREACHABLE_CODE = YES;
				CLANG_WARN__DUPLICATE_METHOD_MATCH = YES;
				CODE_SIGN_IDENTITY = "iPhone Developer";
				COPY_PHASE_STRIP = NO;
				DEBUG_INFORMATION_FORMAT = dwarf;
				ENABLE_STRICT_OBJC_MSGSEND = YES;
				ENABLE_TESTABILITY = YES;
				GCC_C_LANGUAGE_STANDARD = gnu11;
				GCC_DYNAMIC_NO_PIC = NO;
				GCC_NO_COMMON_BLOCKS = YES;
				GCC_OPTIMIZATION_LEVEL = 0;
				GCC_PREPROCESSOR_DEFINITIONS = (
					"DEBUG=1",
					"$(inherited)",
				);
				GCC_WARN_64_TO_32_BIT_CONVERSION = YES;
				GCC_WARN_ABOUT_RETURN_TYPE = YES_ERROR;
				GCC_WARN_UNDECLARED_SELECTOR = YES;
				GCC_WARN_UNINITIALIZED_AUTOS = YES_AGGRESSIVE;
				GCC_WARN_UNUSED_FUNCTION = YES;
				GCC_WARN_UNUSED_VARIABLE = YES;
				IPHONEOS_DEPLOYMENT_TARGET = 12.2;
				MTL_ENABLE_DEBUG_INFO = INCLUDE_SOURCE;
				MTL_FAST_MATH = YES;
				ONLY_ACTIVE_ARCH = YES;
				SDKROOT = iphoneos;
				SWIFT_ACTIVE_COMPILATION_CONDITIONS = DEBUG;
				SWIFT_OPTIMIZATION_LEVEL = "-Onone";
			};
			name = Debug;
		};
		FA2F061B23055497005159A9 /* Release */ = {
			isa = XCBuildConfiguration;
			buildSettings = {
				ALWAYS_SEARCH_USER_PATHS = NO;
				CLANG_ANALYZER_NONNULL = YES;
				CLANG_ANALYZER_NUMBER_OBJECT_CONVERSION = YES_AGGRESSIVE;
				CLANG_CXX_LANGUAGE_STANDARD = "gnu++14";
				CLANG_CXX_LIBRARY = "libc++";
				CLANG_ENABLE_MODULES = YES;
				CLANG_ENABLE_OBJC_ARC = YES;
				CLANG_ENABLE_OBJC_WEAK = YES;
				CLANG_WARN_BLOCK_CAPTURE_AUTORELEASING = YES;
				CLANG_WARN_BOOL_CONVERSION = YES;
				CLANG_WARN_COMMA = YES;
				CLANG_WARN_CONSTANT_CONVERSION = YES;
				CLANG_WARN_DEPRECATED_OBJC_IMPLEMENTATIONS = YES;
				CLANG_WARN_DIRECT_OBJC_ISA_USAGE = YES_ERROR;
				CLANG_WARN_DOCUMENTATION_COMMENTS = YES;
				CLANG_WARN_EMPTY_BODY = YES;
				CLANG_WARN_ENUM_CONVERSION = YES;
				CLANG_WARN_INFINITE_RECURSION = YES;
				CLANG_WARN_INT_CONVERSION = YES;
				CLANG_WARN_NON_LITERAL_NULL_CONVERSION = YES;
				CLANG_WARN_OBJC_IMPLICIT_RETAIN_SELF = YES;
				CLANG_WARN_OBJC_LITERAL_CONVERSION = YES;
				CLANG_WARN_OBJC_ROOT_CLASS = YES_ERROR;
				CLANG_WARN_RANGE_LOOP_ANALYSIS = YES;
				CLANG_WARN_STRICT_PROTOTYPES = YES;
				CLANG_WARN_SUSPICIOUS_MOVE = YES;
				CLANG_WARN_UNGUARDED_AVAILABILITY = YES_AGGRESSIVE;
				CLANG_WARN_UNREACHABLE_CODE = YES;
				CLANG_WARN__DUPLICATE_METHOD_MATCH = YES;
				CODE_SIGN_IDENTITY = "iPhone Developer";
				COPY_PHASE_STRIP = NO;
				DEBUG_INFORMATION_FORMAT = "dwarf-with-dsym";
				ENABLE_NS_ASSERTIONS = NO;
				ENABLE_STRICT_OBJC_MSGSEND = YES;
				GCC_C_LANGUAGE_STANDARD = gnu11;
				GCC_NO_COMMON_BLOCKS = YES;
				GCC_WARN_64_TO_32_BIT_CONVERSION = YES;
				GCC_WARN_ABOUT_RETURN_TYPE = YES_ERROR;
				GCC_WARN_UNDECLARED_SELECTOR = YES;
				GCC_WARN_UNINITIALIZED_AUTOS = YES_AGGRESSIVE;
				GCC_WARN_UNUSED_FUNCTION = YES;
				GCC_WARN_UNUSED_VARIABLE = YES;
				IPHONEOS_DEPLOYMENT_TARGET = 12.2;
				MTL_ENABLE_DEBUG_INFO = NO;
				MTL_FAST_MATH = YES;
				SDKROOT = iphoneos;
				SWIFT_COMPILATION_MODE = wholemodule;
				SWIFT_OPTIMIZATION_LEVEL = "-O";
				VALIDATE_PRODUCT = YES;
			};
			name = Release;
		};
		FA2F061D23055497005159A9 /* Debug */ = {
			isa = XCBuildConfiguration;
			baseConfigurationReference = 7ADC3748E0F6EA6A767CCA7D /* Pods-NavFive-NavFiveApp.debug.xcconfig */;
			buildSettings = {
				ALWAYS_EMBED_SWIFT_STANDARD_LIBRARIES = "$(inherited)";
				ASSETCATALOG_COMPILER_APPICON_NAME = AppIcon;
				CODE_SIGN_STYLE = Automatic;
				DEVELOPMENT_TEAM = UGM934F4MU;
				FRAMEWORK_SEARCH_PATHS = "$(inherited)";
				INFOPLIST_FILE = "$(SRCROOT)/NavFiveApp/System/Info.plist";
				IPHONEOS_DEPLOYMENT_TARGET = 10.0;
				LD_RUNPATH_SEARCH_PATHS = (
					"$(inherited)",
					"@executable_path/Frameworks",
				);
				PRODUCT_BUNDLE_IDENTIFIER = "net.caroline-weisberg.NavFiveApp";
				PRODUCT_NAME = "$(TARGET_NAME)";
				SWIFT_VERSION = 5.0;
				TARGETED_DEVICE_FAMILY = "1,2";
			};
			name = Debug;
		};
		FA2F061E23055497005159A9 /* Release */ = {
			isa = XCBuildConfiguration;
			baseConfigurationReference = 1E5F8FFC347105EEB2E3BC88 /* Pods-NavFive-NavFiveApp.release.xcconfig */;
			buildSettings = {
				ALWAYS_EMBED_SWIFT_STANDARD_LIBRARIES = "$(inherited)";
				ASSETCATALOG_COMPILER_APPICON_NAME = AppIcon;
				CODE_SIGN_STYLE = Automatic;
				DEVELOPMENT_TEAM = UGM934F4MU;
				FRAMEWORK_SEARCH_PATHS = "$(inherited)";
				INFOPLIST_FILE = "$(SRCROOT)/NavFiveApp/System/Info.plist";
				IPHONEOS_DEPLOYMENT_TARGET = 10.0;
				LD_RUNPATH_SEARCH_PATHS = (
					"$(inherited)",
					"@executable_path/Frameworks",
				);
				PRODUCT_BUNDLE_IDENTIFIER = "net.caroline-weisberg.NavFiveApp";
				PRODUCT_NAME = "$(TARGET_NAME)";
				SWIFT_VERSION = 5.0;
				TARGETED_DEVICE_FAMILY = "1,2";
			};
			name = Release;
		};
		FA2F062E23055528005159A9 /* Debug */ = {
			isa = XCBuildConfiguration;
			baseConfigurationReference = C064F6CA40F7215450609F69 /* Pods-NavFive.debug.xcconfig */;
			buildSettings = {
				CLANG_ENABLE_MODULES = YES;
				CODE_SIGN_IDENTITY = "";
				CODE_SIGN_STYLE = Automatic;
				CURRENT_PROJECT_VERSION = 1;
				DEFINES_MODULE = YES;
				DYLIB_COMPATIBILITY_VERSION = 1;
				DYLIB_CURRENT_VERSION = 1;
				DYLIB_INSTALL_NAME_BASE = "@rpath";
				FRAMEWORK_SEARCH_PATHS = "$(inherited)";
				INFOPLIST_FILE = NavFive/Info.plist;
				INSTALL_PATH = "$(LOCAL_LIBRARY_DIR)/Frameworks";
				IPHONEOS_DEPLOYMENT_TARGET = 10.0;
				LD_RUNPATH_SEARCH_PATHS = (
					"$(inherited)",
					"@executable_path/Frameworks",
					"@loader_path/Frameworks",
				);
				MACH_O_TYPE = staticlib;
				PRODUCT_BUNDLE_IDENTIFIER = "net.caroline-weisberg.NavFive";
				PRODUCT_NAME = "$(TARGET_NAME:c99extidentifier)";
				SKIP_INSTALL = YES;
				SWIFT_OPTIMIZATION_LEVEL = "-Onone";
				SWIFT_VERSION = 5.0;
				TARGETED_DEVICE_FAMILY = "1,2";
				VERSIONING_SYSTEM = "apple-generic";
				VERSION_INFO_PREFIX = "";
			};
			name = Debug;
		};
		FA2F062F23055528005159A9 /* Release */ = {
			isa = XCBuildConfiguration;
			baseConfigurationReference = 549B0E66C8F18BD2BA818FB6 /* Pods-NavFive.release.xcconfig */;
			buildSettings = {
				CLANG_ENABLE_MODULES = YES;
				CODE_SIGN_IDENTITY = "";
				CODE_SIGN_STYLE = Automatic;
				CURRENT_PROJECT_VERSION = 1;
				DEFINES_MODULE = YES;
				DYLIB_COMPATIBILITY_VERSION = 1;
				DYLIB_CURRENT_VERSION = 1;
				DYLIB_INSTALL_NAME_BASE = "@rpath";
				FRAMEWORK_SEARCH_PATHS = "$(inherited)";
				INFOPLIST_FILE = NavFive/Info.plist;
				INSTALL_PATH = "$(LOCAL_LIBRARY_DIR)/Frameworks";
				IPHONEOS_DEPLOYMENT_TARGET = 10.0;
				LD_RUNPATH_SEARCH_PATHS = (
					"$(inherited)",
					"@executable_path/Frameworks",
					"@loader_path/Frameworks",
				);
				MACH_O_TYPE = staticlib;
				PRODUCT_BUNDLE_IDENTIFIER = "net.caroline-weisberg.NavFive";
				PRODUCT_NAME = "$(TARGET_NAME:c99extidentifier)";
				SKIP_INSTALL = YES;
				SWIFT_VERSION = 5.0;
				TARGETED_DEVICE_FAMILY = "1,2";
				VERSIONING_SYSTEM = "apple-generic";
				VERSION_INFO_PREFIX = "";
			};
			name = Release;
		};
/* End XCBuildConfiguration section */

/* Begin XCConfigurationList section */
		FA2F060523055495005159A9 /* Build configuration list for PBXProject "NavFiveApp" */ = {
			isa = XCConfigurationList;
			buildConfigurations = (
				FA2F061A23055497005159A9 /* Debug */,
				FA2F061B23055497005159A9 /* Release */,
			);
			defaultConfigurationIsVisible = 0;
			defaultConfigurationName = Release;
		};
		FA2F061C23055497005159A9 /* Build configuration list for PBXNativeTarget "NavFiveApp" */ = {
			isa = XCConfigurationList;
			buildConfigurations = (
				FA2F061D23055497005159A9 /* Debug */,
				FA2F061E23055497005159A9 /* Release */,
			);
			defaultConfigurationIsVisible = 0;
			defaultConfigurationName = Release;
		};
		FA2F062D23055528005159A9 /* Build configuration list for PBXNativeTarget "NavFive" */ = {
			isa = XCConfigurationList;
			buildConfigurations = (
				FA2F062E23055528005159A9 /* Debug */,
				FA2F062F23055528005159A9 /* Release */,
			);
			defaultConfigurationIsVisible = 0;
			defaultConfigurationName = Release;
		};
/* End XCConfigurationList section */
	};
	rootObject = FA2F060223055495005159A9 /* Project object */;
}
